
Microsoft Visual Studio Solution File, Format Version 12.00
# Visual Studio Version 17
VisualStudioVersion = 17.9.34607.119
MinimumVisualStudioVersion = 10.0.40219.1
Project("{FAE04EC0-301F-11D3-BF4B-00C04F79EFBC}") = "IrmandadeDoCodigo.Hub", "IrmandadeDoCodigo.Hub\IrmandadeDoCodigo.Hub.csproj", "{1257E42B-DC7D-46ED-9D97-C0EFE1272A3A}"
EndProject
Global
	GlobalSection(SolutionConfigurationPlatforms) = preSolution
		Debug|Any CPU = Debug|Any CPU
		Release|Any CPU = Release|Any CPU
	EndGlobalSection
	GlobalSection(ProjectConfigurationPlatforms) = postSolution
		{1257E42B-DC7D-46ED-9D97-C0EFE1272A3A}.Debug|Any CPU.ActiveCfg = Debug|Any CPU
		{1257E42B-DC7D-46ED-9D97-C0EFE1272A3A}.Debug|Any CPU.Build.0 = Debug|Any CPU
		{1257E42B-DC7D-46ED-9D97-C0EFE1272A3A}.Release|Any CPU.ActiveCfg = Release|Any CPU
		{1257E42B-DC7D-46ED-9D97-C0EFE1272A3A}.Release|Any CPU.Build.0 = Release|Any CPU
	EndGlobalSection
	GlobalSection(SolutionProperties) = preSolution
		HideSolutionNode = FALSE
	EndGlobalSection
	GlobalSection(ExtensibilityGlobals) = postSolution
		SolutionGuid = {CE600B2D-E1AF-4BD0-8E18-AAD9D3EB3901}
	EndGlobalSection
EndGlobal
